
Microsoft Visual Studio Solution File, Format Version 11.00
# Visual Studio 2010
Project("{FAE04EC0-301F-11D3-BF4B-00C04F79EFBC}") = "Codaxy.Xlio", "Libraries\Codaxy.Xlio\Codaxy.Xlio.csproj", "{11F82973-690A-48A9-8CB8-BD97E0024E2C}"
EndProject
Project("{FAE04EC0-301F-11D3-BF4B-00C04F79EFBC}") = "ConsoleTest", "Tests\ConsoleTest\ConsoleTest.csproj", "{75101596-E55E-4A6B-8D95-DF9C8193A799}"
EndProject
Project("{FAE04EC0-301F-11D3-BF4B-00C04F79EFBC}") = "XsdDir", "Tools\XsdDir\XsdDir.csproj", "{1F33404D-3231-4317-8EE8-F66E591C5A3A}"
EndProject
Project("{2150E333-8FDC-42A3-9474-1A3956D46DE8}") = "Tools", "Tools", "{FF25CE48-6BCC-4F51-B84A-A30D75820120}"
EndProject
Project("{2150E333-8FDC-42A3-9474-1A3956D46DE8}") = "NuGet", "NuGet", "{0F8C47A7-6AAD-44EE-B14D-4B11E7A507CA}"
	ProjectSection(SolutionItems) = preProject
		NuGet\Codaxy.Xlio\Codaxy.Xlio.nuspec = NuGet\Codaxy.Xlio\Codaxy.Xlio.nuspec
	EndProjectSection
EndProject
Project("{FAE04EC0-301F-11D3-BF4B-00C04F79EFBC}") = "Codaxy.Xlio.Tests", "Tests\Codaxy.Xlio.Generic.Tests\Codaxy.Xlio.Tests.csproj", "{4CB9462B-DDD7-487A-A23F-29F5828FC0EC}"
EndProject
Global
	GlobalSection(SolutionConfigurationPlatforms) = preSolution
		Debug|Any CPU = Debug|Any CPU
		Debug|Mixed Platforms = Debug|Mixed Platforms
		Debug|x86 = Debug|x86
		Release|Any CPU = Release|Any CPU
		Release|Mixed Platforms = Release|Mixed Platforms
		Release|x86 = Release|x86
	EndGlobalSection
	GlobalSection(ProjectConfigurationPlatforms) = postSolution
		{11F82973-690A-48A9-8CB8-BD97E0024E2C}.Debug|Any CPU.ActiveCfg = Debug|Any CPU
		{11F82973-690A-48A9-8CB8-BD97E0024E2C}.Debug|Any CPU.Build.0 = Debug|Any CPU
		{11F82973-690A-48A9-8CB8-BD97E0024E2C}.Debug|Mixed Platforms.ActiveCfg = Debug|Any CPU
		{11F82973-690A-48A9-8CB8-BD97E0024E2C}.Debug|Mixed Platforms.Build.0 = Debug|Any CPU
		{11F82973-690A-48A9-8CB8-BD97E0024E2C}.Debug|x86.ActiveCfg = Debug|Any CPU
		{11F82973-690A-48A9-8CB8-BD97E0024E2C}.Release|Any CPU.ActiveCfg = Release|Any CPU
		{11F82973-690A-48A9-8CB8-BD97E0024E2C}.Release|Any CPU.Build.0 = Release|Any CPU
		{11F82973-690A-48A9-8CB8-BD97E0024E2C}.Release|Mixed Platforms.ActiveCfg = Release|Any CPU
		{11F82973-690A-48A9-8CB8-BD97E0024E2C}.Release|Mixed Platforms.Build.0 = Release|Any CPU
		{11F82973-690A-48A9-8CB8-BD97E0024E2C}.Release|x86.ActiveCfg = Release|Any CPU
		{75101596-E55E-4A6B-8D95-DF9C8193A799}.Debug|Any CPU.ActiveCfg = Debug|Any CPU
		{75101596-E55E-4A6B-8D95-DF9C8193A799}.Debug|Any CPU.Build.0 = Debug|Any CPU
		{75101596-E55E-4A6B-8D95-DF9C8193A799}.Debug|Mixed Platforms.ActiveCfg = Debug|Any CPU
		{75101596-E55E-4A6B-8D95-DF9C8193A799}.Debug|Mixed Platforms.Build.0 = Debug|Any CPU
		{75101596-E55E-4A6B-8D95-DF9C8193A799}.Debug|x86.ActiveCfg = Debug|Any CPU
		{75101596-E55E-4A6B-8D95-DF9C8193A799}.Release|Any CPU.ActiveCfg = Release|Any CPU
		{75101596-E55E-4A6B-8D95-DF9C8193A799}.Release|Any CPU.Build.0 = Release|Any CPU
		{75101596-E55E-4A6B-8D95-DF9C8193A799}.Release|Mixed Platforms.ActiveCfg = Release|Any CPU
		{75101596-E55E-4A6B-8D95-DF9C8193A799}.Release|Mixed Platforms.Build.0 = Release|Any CPU
		{75101596-E55E-4A6B-8D95-DF9C8193A799}.Release|x86.ActiveCfg = Release|Any CPU
		{1F33404D-3231-4317-8EE8-F66E591C5A3A}.Debug|Any CPU.ActiveCfg = Debug|x86
		{1F33404D-3231-4317-8EE8-F66E591C5A3A}.Debug|Mixed Platforms.ActiveCfg = Debug|x86
		{1F33404D-3231-4317-8EE8-F66E591C5A3A}.Debug|Mixed Platforms.Build.0 = Debug|x86
		{1F33404D-3231-4317-8EE8-F66E591C5A3A}.Debug|x86.ActiveCfg = Debug|x86
		{1F33404D-3231-4317-8EE8-F66E591C5A3A}.Debug|x86.Build.0 = Debug|x86
		{1F33404D-3231-4317-8EE8-F66E591C5A3A}.Release|Any CPU.ActiveCfg = Release|x86
		{1F33404D-3231-4317-8EE8-F66E591C5A3A}.Release|Mixed Platforms.ActiveCfg = Release|x86
		{1F33404D-3231-4317-8EE8-F66E591C5A3A}.Release|Mixed Platforms.Build.0 = Release|x86
		{1F33404D-3231-4317-8EE8-F66E591C5A3A}.Release|x86.ActiveCfg = Release|x86
		{1F33404D-3231-4317-8EE8-F66E591C5A3A}.Release|x86.Build.0 = Release|x86
		{4CB9462B-DDD7-487A-A23F-29F5828FC0EC}.Debug|Any CPU.ActiveCfg = Debug|x86
		{4CB9462B-DDD7-487A-A23F-29F5828FC0EC}.Debug|Mixed Platforms.ActiveCfg = Debug|x86
		{4CB9462B-DDD7-487A-A23F-29F5828FC0EC}.Debug|Mixed Platforms.Build.0 = Debug|x86
		{4CB9462B-DDD7-487A-A23F-29F5828FC0EC}.Debug|x86.ActiveCfg = Debug|x86
		{4CB9462B-DDD7-487A-A23F-29F5828FC0EC}.Debug|x86.Build.0 = Debug|x86
		{4CB9462B-DDD7-487A-A23F-29F5828FC0EC}.Release|Any CPU.ActiveCfg = Release|x86
		{4CB9462B-DDD7-487A-A23F-29F5828FC0EC}.Release|Mixed Platforms.ActiveCfg = Release|x86
		{4CB9462B-DDD7-487A-A23F-29F5828FC0EC}.Release|Mixed Platforms.Build.0 = Release|x86
		{4CB9462B-DDD7-487A-A23F-29F5828FC0EC}.Release|x86.ActiveCfg = Release|x86
		{4CB9462B-DDD7-487A-A23F-29F5828FC0EC}.Release|x86.Build.0 = Release|x86
	EndGlobalSection
	GlobalSection(SolutionProperties) = preSolution
		HideSolutionNode = FALSE
	EndGlobalSection
	GlobalSection(NestedProjects) = preSolution
		{1F33404D-3231-4317-8EE8-F66E591C5A3A} = {FF25CE48-6BCC-4F51-B84A-A30D75820120}
	EndGlobalSection
EndGlobal
